<?xml version="1.0" encoding="utf-8"?>
<Project ToolsVersion="4.0" xmlns="http://schemas.microsoft.com/developer/msbuild/2003">
  <ItemGroup>
    <Filter Include="源文件">
      <UniqueIdentifier>{4FC737F1-C7A5-4376-A066-2A32D752A2FF}</UniqueIdentifier>
      <Extensions>cpp;c;cc;cxx;c++;cppm;ixx;def;odl;idl;hpj;bat;asm;asmx</Extensions>
    </Filter>
    <Filter Include="头文件">
      <UniqueIdentifier>{93995380-89BD-4b04-88EB-625FBE52EBFB}</UniqueIdentifier>
      <Extensions>h;hh;hpp;hxx;h++;hm;inl;inc;ipp;xsd</Extensions>
    </Filter>
    <Filter Include="资源文件">
      <UniqueIdentifier>{67DA6AB6-F800-4c08-8B7A-83BB121AAD01}</UniqueIdentifier>
      <Extensions>rc;ico;cur;bmp;dlg;rc2;rct;bin;rgs;gif;jpg;jpeg;jpe;resx;tiff;tif;png;wav;mfcribbon-ms</Extensions>
    </Filter>
    <Filter Include="源文件\字符串">
      <UniqueIdentifier>{ff1b545d-0744-4088-acd0-2ead24939283}</UniqueIdentifier>
    </Filter>
    <Filter Include="源文件\二叉树">
      <UniqueIdentifier>{3c074c25-fd30-4739-8155-e74c941605de}</UniqueIdentifier>
    </Filter>
    <Filter Include="源文件\数组">
      <UniqueIdentifier>{c6496a44-694d-4f4d-b2b7-64ba65269473}</UniqueIdentifier>
    </Filter>
    <Filter Include="源文件\双指针法">
      <UniqueIdentifier>{38efb298-93c2-40cb-a97a-1e6ed8cce823}</UniqueIdentifier>
    </Filter>
    <Filter Include="源文件\链表">
      <UniqueIdentifier>{ca9f39b4-f5aa-4a3c-82c2-677a893620b9}</UniqueIdentifier>
    </Filter>
    <Filter Include="源文件\哈希表">
      <UniqueIdentifier>{f06eaaee-3f10-4098-94de-237d2d63d82a}</UniqueIdentifier>
    </Filter>
    <Filter Include="源文件\acwing">
      <UniqueIdentifier>{9a4921a3-7729-4185-97ca-e43a95081189}</UniqueIdentifier>
    </Filter>
    <Filter Include="源文件\acwing\数据结构">
      <UniqueIdentifier>{4dc114c2-f7ce-460a-9bf9-a983c05c4b54}</UniqueIdentifier>
    </Filter>
    <Filter Include="源文件\acwing\基础知识">
      <UniqueIdentifier>{d1360b14-30f8-4918-92d0-1c2b27bf31d7}</UniqueIdentifier>
    </Filter>
    <Filter Include="源文件\acwing\数学知识">
      <UniqueIdentifier>{9db5a123-8f62-463d-ad07-eeb052d0c451}</UniqueIdentifier>
    </Filter>
  </ItemGroup>
  <ItemGroup>
    <ClCompile Include="顺序结构.cpp">
      <Filter>源文件</Filter>
    </ClCompile>
    <ClCompile Include="test.cpp">
      <Filter>源文件</Filter>
    </ClCompile>
    <ClCompile Include="反转字符串中的单词.cpp">
      <Filter>源文件\字符串</Filter>
    </ClCompile>
    <ClCompile Include="右旋字符串.cpp">
      <Filter>源文件\字符串</Filter>
    </ClCompile>
    <ClCompile Include="找出字符串第一个匹配项.cpp">
      <Filter>源文件\字符串</Filter>
    </ClCompile>
    <ClCompile Include="重复的字符串.cpp">
      <Filter>源文件\字符串</Filter>
    </ClCompile>
    <ClCompile Include="二分查找.cpp">
      <Filter>源文件\数组</Filter>
    </ClCompile>
    <ClCompile Include="移除元素.cpp">
      <Filter>源文件\双指针法</Filter>
    </ClCompile>
    <ClCompile Include="有序数组的平方.cpp">
      <Filter>源文件\双指针法</Filter>
    </ClCompile>
    <ClCompile Include="长度最小的子数组.cpp">
      <Filter>源文件\双指针法</Filter>
    </ClCompile>
    <ClCompile Include="矩阵旋转.cpp">
      <Filter>源文件\数组</Filter>
    </ClCompile>
    <ClCompile Include="替换数字.cpp">
      <Filter>源文件\双指针法</Filter>
    </ClCompile>
    <ClCompile Include="翻转字符串里的单词.cpp">
      <Filter>源文件\双指针法</Filter>
    </ClCompile>
    <ClCompile Include="删除链表.cpp">
      <Filter>源文件\链表</Filter>
    </ClCompile>
    <ClCompile Include="翻转链表.cpp">
      <Filter>源文件\链表</Filter>
    </ClCompile>
    <ClCompile Include="字母异位词.cpp">
      <Filter>源文件\哈希表</Filter>
    </ClCompile>
    <ClCompile Include="两个数组的交集.cpp">
      <Filter>源文件\哈希表</Filter>
    </ClCompile>
    <ClCompile Include="快乐数.cpp">
      <Filter>源文件\哈希表</Filter>
    </ClCompile>
    <ClCompile Include="四数之和.cpp">
      <Filter>源文件\双指针法</Filter>
    </ClCompile>
    <ClCompile Include="快速排序.cpp">
      <Filter>源文件\acwing</Filter>
    </ClCompile>
    <ClCompile Include="归并排序.cpp">
      <Filter>源文件\acwing</Filter>
    </ClCompile>
    <ClCompile Include="二分法.cpp">
      <Filter>源文件\acwing</Filter>
    </ClCompile>
    <ClCompile Include="单链表.cpp">
      <Filter>源文件\acwing\数据结构</Filter>
    </ClCompile>
    <ClCompile Include="双链表.cpp">
      <Filter>源文件\acwing\数据结构</Filter>
    </ClCompile>
    <ClCompile Include="模拟栈.cpp">
      <Filter>源文件\acwing\数据结构</Filter>
    </ClCompile>
    <ClCompile Include="单调栈.cpp">
      <Filter>源文件\acwing\数据结构</Filter>
    </ClCompile>
    <ClCompile Include="模拟队列.cpp">
      <Filter>源文件\acwing\数据结构</Filter>
    </ClCompile>
    <ClCompile Include="滑动窗口.cpp">
      <Filter>源文件\acwing\数据结构</Filter>
    </ClCompile>
    <ClCompile Include="压缩字符串.cpp">
      <Filter>源文件</Filter>
    </ClCompile>
    <ClCompile Include="魔术师的难题.cpp">
      <Filter>源文件\字符串</Filter>
    </ClCompile>
    <ClCompile Include="KMP.cpp">
      <Filter>源文件\acwing\数据结构</Filter>
    </ClCompile>
    <ClCompile Include="最长不重复连续区间.cpp">
      <Filter>源文件\双指针法</Filter>
    </ClCompile>
    <ClCompile Include="数组元素的目标和.cpp">
      <Filter>源文件\双指针法</Filter>
    </ClCompile>
    <ClCompile Include="二进制中的1的个数.cpp">
      <Filter>源文件\acwing\基础知识</Filter>
    </ClCompile>
    <ClCompile Include="前缀和.cpp">
      <Filter>源文件\acwing\基础知识</Filter>
    </ClCompile>
    <ClCompile Include="二维前缀和.cpp">
      <Filter>源文件\acwing\基础知识</Filter>
    </ClCompile>
    <ClCompile Include="一维差分.cpp">
      <Filter>源文件\acwing\基础知识</Filter>
    </ClCompile>
    <ClCompile Include="二维查分.cpp">
      <Filter>源文件\acwing\基础知识</Filter>
    </ClCompile>
    <ClCompile Include="区间和.cpp">
      <Filter>源文件\acwing\基础知识</Filter>
    </ClCompile>
    <ClCompile Include="最大全1子矩阵.cpp">
      <Filter>源文件\字符串</Filter>
    </ClCompile>
    <ClCompile Include="判断质数.cpp">
      <Filter>源文件\acwing\数学知识</Filter>
    </ClCompile>
    <ClCompile Include="筛选质数.cpp">
      <Filter>源文件\acwing\数学知识</Filter>
    </ClCompile>
    <ClCompile Include="求余数.cpp">
      <Filter>源文件\acwing\数学知识</Filter>
    </ClCompile>
    <ClCompile Include="约数个数.cpp">
      <Filter>源文件\acwing\数学知识</Filter>
    </ClCompile>
    <ClCompile Include="约束之和.cpp">
      <Filter>源文件\acwing\数学知识</Filter>
    </ClCompile>
    <ClCompile Include="最大公约数.cpp">
      <Filter>源文件\acwing\数学知识</Filter>
    </ClCompile>
    <ClCompile Include="欧拉函数.cpp">
      <Filter>源文件\acwing\数学知识</Filter>
    </ClCompile>
  </ItemGroup>
</Project>